
Microsoft Visual Studio Solution File, Format Version 12.00
# Visual Studio Version 17
VisualStudioVersion = 17.9.34728.123
MinimumVisualStudioVersion = 10.0.40219.1
Project("{9A19103F-16F7-4668-BE54-9A1E7A4F7556}") = "Mapping", "Mapping.csproj", "{A5C94BD9-5A13-4921-A0DD-2841BE05B1EC}"
EndProject
Global
	GlobalSection(SolutionConfigurationPlatforms) = preSolution
		Debug|Any CPU = Debug|Any CPU
		Release|Any CPU = Release|Any CPU
	EndGlobalSection
	GlobalSection(ProjectConfigurationPlatforms) = postSolution
		{A5C94BD9-5A13-4921-A0DD-2841BE05B1EC}.Debug|Any CPU.ActiveCfg = Debug|Any CPU
		{A5C94BD9-5A13-4921-A0DD-2841BE05B1EC}.Debug|Any CPU.Build.0 = Debug|Any CPU
		{A5C94BD9-5A13-4921-A0DD-2841BE05B1EC}.Release|Any CPU.ActiveCfg = Release|Any CPU
		{A5C94BD9-5A13-4921-A0DD-2841BE05B1EC}.Release|Any CPU.Build.0 = Release|Any CPU
	EndGlobalSection
	GlobalSection(SolutionProperties) = preSolution
		HideSolutionNode = FALSE
	EndGlobalSection
	GlobalSection(ExtensibilityGlobals) = postSolution
		SolutionGuid = {358E217F-A941-4B2A-B7A7-D78F53C390EB}
	EndGlobalSection
EndGlobal
