
Microsoft Visual Studio Solution File, Format Version 12.00
# Visual Studio Version 17
VisualStudioVersion = 17.7.34018.315
MinimumVisualStudioVersion = 10.0.40219.1
Project("{FAE04EC0-301F-11D3-BF4B-00C04F79EFBC}") = "ConsoleApp2", "ConsoleApp2\ConsoleApp2.csproj", "{9ED9D0D2-9FEA-4D19-BDBB-09350C8EBECB}"
EndProject
Global
	GlobalSection(SolutionConfigurationPlatforms) = preSolution
		Debug|Any CPU = Debug|Any CPU
		Release|Any CPU = Release|Any CPU
	EndGlobalSection
	GlobalSection(ProjectConfigurationPlatforms) = postSolution
		{9ED9D0D2-9FEA-4D19-BDBB-09350C8EBECB}.Debug|Any CPU.ActiveCfg = Debug|Any CPU
		{9ED9D0D2-9FEA-4D19-BDBB-09350C8EBECB}.Debug|Any CPU.Build.0 = Debug|Any CPU
		{9ED9D0D2-9FEA-4D19-BDBB-09350C8EBECB}.Release|Any CPU.ActiveCfg = Release|Any CPU
		{9ED9D0D2-9FEA-4D19-BDBB-09350C8EBECB}.Release|Any CPU.Build.0 = Release|Any CPU
	EndGlobalSection
	GlobalSection(SolutionProperties) = preSolution
		HideSolutionNode = FALSE
	EndGlobalSection
	GlobalSection(ExtensibilityGlobals) = postSolution
		SolutionGuid = {DB2EADA1-875E-49A4-8CB0-2AE4CDB6289B}
	EndGlobalSection
EndGlobal
