
Microsoft Visual Studio Solution File, Format Version 12.00
# Visual Studio Version 17
VisualStudioVersion = 17.7.34018.315
MinimumVisualStudioVersion = 10.0.40219.1
Project("{FAE04EC0-301F-11D3-BF4B-00C04F79EFBC}") = "FindWord", "FindWord\FindWord.csproj", "{A81A78E8-975B-4A51-91D3-C0AB763C82FB}"
EndProject
Global
	GlobalSection(SolutionConfigurationPlatforms) = preSolution
		Debug|Any CPU = Debug|Any CPU
		Release|Any CPU = Release|Any CPU
	EndGlobalSection
	GlobalSection(ProjectConfigurationPlatforms) = postSolution
		{A81A78E8-975B-4A51-91D3-C0AB763C82FB}.Debug|Any CPU.ActiveCfg = Debug|Any CPU
		{A81A78E8-975B-4A51-91D3-C0AB763C82FB}.Debug|Any CPU.Build.0 = Debug|Any CPU
		{A81A78E8-975B-4A51-91D3-C0AB763C82FB}.Release|Any CPU.ActiveCfg = Release|Any CPU
		{A81A78E8-975B-4A51-91D3-C0AB763C82FB}.Release|Any CPU.Build.0 = Release|Any CPU
	EndGlobalSection
	GlobalSection(SolutionProperties) = preSolution
		HideSolutionNode = FALSE
	EndGlobalSection
	GlobalSection(ExtensibilityGlobals) = postSolution
		SolutionGuid = {7C4A5CC0-B932-4512-A766-D681798E6C00}
	EndGlobalSection
EndGlobal
