
Microsoft Visual Studio Solution File, Format Version 12.00
# Visual Studio Version 17
VisualStudioVersion = 17.7.34018.315
MinimumVisualStudioVersion = 10.0.40219.1
Project("{FAE04EC0-301F-11D3-BF4B-00C04F79EFBC}") = "ForLoopMultiplicationTable", "ForLoopMultiplicationTable\ForLoopMultiplicationTable.csproj", "{BEA15296-69F2-496F-B777-753FB6AB876A}"
EndProject
Global
	GlobalSection(SolutionConfigurationPlatforms) = preSolution
		Debug|Any CPU = Debug|Any CPU
		Release|Any CPU = Release|Any CPU
	EndGlobalSection
	GlobalSection(ProjectConfigurationPlatforms) = postSolution
		{BEA15296-69F2-496F-B777-753FB6AB876A}.Debug|Any CPU.ActiveCfg = Debug|Any CPU
		{BEA15296-69F2-496F-B777-753FB6AB876A}.Debug|Any CPU.Build.0 = Debug|Any CPU
		{BEA15296-69F2-496F-B777-753FB6AB876A}.Release|Any CPU.ActiveCfg = Release|Any CPU
		{BEA15296-69F2-496F-B777-753FB6AB876A}.Release|Any CPU.Build.0 = Release|Any CPU
	EndGlobalSection
	GlobalSection(SolutionProperties) = preSolution
		HideSolutionNode = FALSE
	EndGlobalSection
	GlobalSection(ExtensibilityGlobals) = postSolution
		SolutionGuid = {9B89DA7F-404E-4485-8062-D209FBF4F24B}
	EndGlobalSection
EndGlobal
