
Microsoft Visual Studio Solution File, Format Version 12.00
# Visual Studio Version 17
VisualStudioVersion = 17.9.34728.123
MinimumVisualStudioVersion = 10.0.40219.1
Project("{9A19103F-16F7-4668-BE54-9A1E7A4F7556}") = "Encapsulation", "Encapsulation.csproj", "{8E85FDCE-B43F-4051-BDF2-182B6D1B2382}"
EndProject
Project("{FAE04EC0-301F-11D3-BF4B-00C04F79EFBC}") = "Encapsulation.Service", "..\Encapsulation.Service\Encapsulation.Service.csproj", "{1432A06C-FB55-4776-A77B-FE969CBBAD25}"
EndProject
Global
	GlobalSection(SolutionConfigurationPlatforms) = preSolution
		Debug|Any CPU = Debug|Any CPU
		Release|Any CPU = Release|Any CPU
	EndGlobalSection
	GlobalSection(ProjectConfigurationPlatforms) = postSolution
		{8E85FDCE-B43F-4051-BDF2-182B6D1B2382}.Debug|Any CPU.ActiveCfg = Debug|Any CPU
		{8E85FDCE-B43F-4051-BDF2-182B6D1B2382}.Debug|Any CPU.Build.0 = Debug|Any CPU
		{8E85FDCE-B43F-4051-BDF2-182B6D1B2382}.Release|Any CPU.ActiveCfg = Release|Any CPU
		{8E85FDCE-B43F-4051-BDF2-182B6D1B2382}.Release|Any CPU.Build.0 = Release|Any CPU
		{1432A06C-FB55-4776-A77B-FE969CBBAD25}.Debug|Any CPU.ActiveCfg = Debug|Any CPU
		{1432A06C-FB55-4776-A77B-FE969CBBAD25}.Debug|Any CPU.Build.0 = Debug|Any CPU
		{1432A06C-FB55-4776-A77B-FE969CBBAD25}.Release|Any CPU.ActiveCfg = Release|Any CPU
		{1432A06C-FB55-4776-A77B-FE969CBBAD25}.Release|Any CPU.Build.0 = Release|Any CPU
	EndGlobalSection
	GlobalSection(SolutionProperties) = preSolution
		HideSolutionNode = FALSE
	EndGlobalSection
	GlobalSection(ExtensibilityGlobals) = postSolution
		SolutionGuid = {59459CB3-F81D-47DF-9010-7D95EA27076E}
	EndGlobalSection
EndGlobal
