
Microsoft Visual Studio Solution File, Format Version 12.00
# Visual Studio Version 17
VisualStudioVersion = 17.7.34018.315
MinimumVisualStudioVersion = 10.0.40219.1
Project("{FAE04EC0-301F-11D3-BF4B-00C04F79EFBC}") = "FileReaderAndWriter", "FileReaderAndWriter\FileReaderAndWriter.csproj", "{588BC9FD-1146-429B-9F92-C6CE71539F1F}"
EndProject
Global
	GlobalSection(SolutionConfigurationPlatforms) = preSolution
		Debug|Any CPU = Debug|Any CPU
		Release|Any CPU = Release|Any CPU
	EndGlobalSection
	GlobalSection(ProjectConfigurationPlatforms) = postSolution
		{588BC9FD-1146-429B-9F92-C6CE71539F1F}.Debug|Any CPU.ActiveCfg = Debug|Any CPU
		{588BC9FD-1146-429B-9F92-C6CE71539F1F}.Debug|Any CPU.Build.0 = Debug|Any CPU
		{588BC9FD-1146-429B-9F92-C6CE71539F1F}.Release|Any CPU.ActiveCfg = Release|Any CPU
		{588BC9FD-1146-429B-9F92-C6CE71539F1F}.Release|Any CPU.Build.0 = Release|Any CPU
	EndGlobalSection
	GlobalSection(SolutionProperties) = preSolution
		HideSolutionNode = FALSE
	EndGlobalSection
	GlobalSection(ExtensibilityGlobals) = postSolution
		SolutionGuid = {40A9380B-146F-4F03-95C8-820D8F28918F}
	EndGlobalSection
EndGlobal
