
Microsoft Visual Studio Solution File, Format Version 12.00
# Visual Studio Version 17
VisualStudioVersion = 17.7.34018.315
MinimumVisualStudioVersion = 10.0.40219.1
Project("{FAE04EC0-301F-11D3-BF4B-00C04F79EFBC}") = "File", "File\File.csproj", "{9FC4F4A8-C333-4639-9A67-76DA765F113A}"
EndProject
Global
	GlobalSection(SolutionConfigurationPlatforms) = preSolution
		Debug|Any CPU = Debug|Any CPU
		Release|Any CPU = Release|Any CPU
	EndGlobalSection
	GlobalSection(ProjectConfigurationPlatforms) = postSolution
		{9FC4F4A8-C333-4639-9A67-76DA765F113A}.Debug|Any CPU.ActiveCfg = Debug|Any CPU
		{9FC4F4A8-C333-4639-9A67-76DA765F113A}.Debug|Any CPU.Build.0 = Debug|Any CPU
		{9FC4F4A8-C333-4639-9A67-76DA765F113A}.Release|Any CPU.ActiveCfg = Release|Any CPU
		{9FC4F4A8-C333-4639-9A67-76DA765F113A}.Release|Any CPU.Build.0 = Release|Any CPU
	EndGlobalSection
	GlobalSection(SolutionProperties) = preSolution
		HideSolutionNode = FALSE
	EndGlobalSection
	GlobalSection(ExtensibilityGlobals) = postSolution
		SolutionGuid = {9D5E49E3-13D4-4611-B2AF-32C21F14A308}
	EndGlobalSection
EndGlobal
